
Microsoft Visual Studio Solution File, Format Version 12.00
# Visual Studio Version 17
VisualStudioVersion = 17.11.35303.130
MinimumVisualStudioVersion = 10.0.40219.1
Project("{FAE04EC0-301F-11D3-BF4B-00C04F79EFBC}") = "Week5aIGME201", "Week5aIGME201.csproj", "{781E7D10-4130-4988-8B98-CCF52FDEE9BE}"
EndProject
Global
	GlobalSection(SolutionConfigurationPlatforms) = preSolution
		Debug|Any CPU = Debug|Any CPU
		Release|Any CPU = Release|Any CPU
	EndGlobalSection
	GlobalSection(ProjectConfigurationPlatforms) = postSolution
		{781E7D10-4130-4988-8B98-CCF52FDEE9BE}.Debug|Any CPU.ActiveCfg = Debug|Any CPU
		{781E7D10-4130-4988-8B98-CCF52FDEE9BE}.Debug|Any CPU.Build.0 = Debug|Any CPU
		{781E7D10-4130-4988-8B98-CCF52FDEE9BE}.Release|Any CPU.ActiveCfg = Release|Any CPU
		{781E7D10-4130-4988-8B98-CCF52FDEE9BE}.Release|Any CPU.Build.0 = Release|Any CPU
	EndGlobalSection
	GlobalSection(SolutionProperties) = preSolution
		HideSolutionNode = FALSE
	EndGlobalSection
	GlobalSection(ExtensibilityGlobals) = postSolution
		SolutionGuid = {B7DCB637-2EC5-4EE9-A6FA-5EE37E36E4FA}
	EndGlobalSection
EndGlobal
